// !$*UTF8*$!
{
	archiveVersion = 1;
	classes = {
	};
	objectVersion = 55;
	objects = {

/* Begin PBXBuildFile section */
		A61B414D2875A8D400B61043 /* SideMenuView.swift in Sources */ = {isa = PBXBuildFile; fileRef = A61B414C2875A8D400B61043 /* SideMenuView.swift */; };
		A6844BF328758306009DE178 /* MetamaskSUIApp.swift in Sources */ = {isa = PBXBuildFile; fileRef = A6844BF228758306009DE178 /* MetamaskSUIApp.swift */; };
		A6844BF528758306009DE178 /* ContentView.swift in Sources */ = {isa = PBXBuildFile; fileRef = A6844BF428758306009DE178 /* ContentView.swift */; };
		A6844BF72875830B009DE178 /* Assets.xcassets in Resources */ = {isa = PBXBuildFile; fileRef = A6844BF62875830B009DE178 /* Assets.xcassets */; };
		A6844BFA2875830B009DE178 /* Preview Assets.xcassets in Resources */ = {isa = PBXBuildFile; fileRef = A6844BF92875830B009DE178 /* Preview Assets.xcassets */; };
		A6844C042875830B009DE178 /* MetamaskSUITests.swift in Sources */ = {isa = PBXBuildFile; fileRef = A6844C032875830B009DE178 /* MetamaskSUITests.swift */; };
		A6844C0E2875830B009DE178 /* MetamaskSUIUITests.swift in Sources */ = {isa = PBXBuildFile; fileRef = A6844C0D2875830B009DE178 /* MetamaskSUIUITests.swift */; };
		A6844C102875830B009DE178 /* MetamaskSUIUITestsLaunchTests.swift in Sources */ = {isa = PBXBuildFile; fileRef = A6844C0F2875830B009DE178 /* MetamaskSUIUITestsLaunchTests.swift */; };
		A6844C1D287583E8009DE178 /* HomeView.swift in Sources */ = {isa = PBXBuildFile; fileRef = A6844C1C287583E8009DE178 /* HomeView.swift */; };
		A6844C1F287588F6009DE178 /* BaseView.swift in Sources */ = {isa = PBXBuildFile; fileRef = A6844C1E287588F6009DE178 /* BaseView.swift */; };
		A6E5B0BE2875E3AA005AD6D2 /* RefreshableScrollView.swift in Sources */ = {isa = PBXBuildFile; fileRef = A6E5B0BD2875E3A9005AD6D2 /* RefreshableScrollView.swift */; };
		A6E5B0C22876269A005AD6D2 /* HomeViewModel.swift in Sources */ = {isa = PBXBuildFile; fileRef = A6E5B0C12876269A005AD6D2 /* HomeViewModel.swift */; };
		A6E5B0C628763C61005AD6D2 /* CameraController.swift in Sources */ = {isa = PBXBuildFile; fileRef = A6E5B0C528763C60005AD6D2 /* CameraController.swift */; };
		A6E5B0C828763C80005AD6D2 /* CameraViewController.swift in Sources */ = {isa = PBXBuildFile; fileRef = A6E5B0C728763C80005AD6D2 /* CameraViewController.swift */; };
/* End PBXBuildFile section */

/* Begin PBXContainerItemProxy section */
		A6844C002875830B009DE178 /* PBXContainerItemProxy */ = {
			isa = PBXContainerItemProxy;
			containerPortal = A6844BE728758306009DE178 /* Project object */;
			proxyType = 1;
			remoteGlobalIDString = A6844BEE28758306009DE178;
			remoteInfo = MetamaskSUI;
		};
		A6844C0A2875830B009DE178 /* PBXContainerItemProxy */ = {
			isa = PBXContainerItemProxy;
			containerPortal = A6844BE728758306009DE178 /* Project object */;
			proxyType = 1;
			remoteGlobalIDString = A6844BEE28758306009DE178;
			remoteInfo = MetamaskSUI;
		};
/* End PBXContainerItemProxy section */

/* Begin PBXFileReference section */
		A61B414C2875A8D400B61043 /* SideMenuView.swift */ = {isa = PBXFileReference; lastKnownFileType = sourcecode.swift; path = SideMenuView.swift; sourceTree = "<group>"; };
		A6844BEF28758306009DE178 /* MetamaskSUI.app */ = {isa = PBXFileReference; explicitFileType = wrapper.application; includeInIndex = 0; path = MetamaskSUI.app; sourceTree = BUILT_PRODUCTS_DIR; };
		A6844BF228758306009DE178 /* MetamaskSUIApp.swift */ = {isa = PBXFileReference; lastKnownFileType = sourcecode.swift; path = MetamaskSUIApp.swift; sourceTree = "<group>"; };
		A6844BF428758306009DE178 /* ContentView.swift */ = {isa = PBXFileReference; lastKnownFileType = sourcecode.swift; path = ContentView.swift; sourceTree = "<group>"; };
		A6844BF62875830B009DE178 /* Assets.xcassets */ = {isa = PBXFileReference; lastKnownFileType = folder.assetcatalog; path = Assets.xcassets; sourceTree = "<group>"; };
		A6844BF92875830B009DE178 /* Preview Assets.xcassets */ = {isa = PBXFileReference; lastKnownFileType = folder.assetcatalog; path = "Preview Assets.xcassets"; sourceTree = "<group>"; };
		A6844BFF2875830B009DE178 /* MetamaskSUITests.xctest */ = {isa = PBXFileReference; explicitFileType = wrapper.cfbundle; includeInIndex = 0; path = MetamaskSUITests.xctest; sourceTree = BUILT_PRODUCTS_DIR; };
		A6844C032875830B009DE178 /* MetamaskSUITests.swift */ = {isa = PBXFileReference; lastKnownFileType = sourcecode.swift; path = MetamaskSUITests.swift; sourceTree = "<group>"; };
		A6844C092875830B009DE178 /* MetamaskSUIUITests.xctest */ = {isa = PBXFileReference; explicitFileType = wrapper.cfbundle; includeInIndex = 0; path = MetamaskSUIUITests.xctest; sourceTree = BUILT_PRODUCTS_DIR; };
		A6844C0D2875830B009DE178 /* MetamaskSUIUITests.swift */ = {isa = PBXFileReference; lastKnownFileType = sourcecode.swift; path = MetamaskSUIUITests.swift; sourceTree = "<group>"; };
		A6844C0F2875830B009DE178 /* MetamaskSUIUITestsLaunchTests.swift */ = {isa = PBXFileReference; lastKnownFileType = sourcecode.swift; path = MetamaskSUIUITestsLaunchTests.swift; sourceTree = "<group>"; };
		A6844C1C287583E8009DE178 /* HomeView.swift */ = {isa = PBXFileReference; lastKnownFileType = sourcecode.swift; path = HomeView.swift; sourceTree = "<group>"; };
		A6844C1E287588F6009DE178 /* BaseView.swift */ = {isa = PBXFileReference; lastKnownFileType = sourcecode.swift; path = BaseView.swift; sourceTree = "<group>"; };
		A6E5B0BD2875E3A9005AD6D2 /* RefreshableScrollView.swift */ = {isa = PBXFileReference; lastKnownFileType = sourcecode.swift; path = RefreshableScrollView.swift; sourceTree = "<group>"; };
		A6E5B0C12876269A005AD6D2 /* HomeViewModel.swift */ = {isa = PBXFileReference; lastKnownFileType = sourcecode.swift; path = HomeViewModel.swift; sourceTree = "<group>"; };
		A6E5B0C528763C60005AD6D2 /* CameraController.swift */ = {isa = PBXFileReference; lastKnownFileType = sourcecode.swift; path = CameraController.swift; sourceTree = "<group>"; };
		A6E5B0C728763C80005AD6D2 /* CameraViewController.swift */ = {isa = PBXFileReference; lastKnownFileType = sourcecode.swift; path = CameraViewController.swift; sourceTree = "<group>"; };
/* End PBXFileReference section */

/* Begin PBXFrameworksBuildPhase section */
		A6844BEC28758306009DE178 /* Frameworks */ = {
			isa = PBXFrameworksBuildPhase;
			buildActionMask = 2147483647;
			files = (
			);
			runOnlyForDeploymentPostprocessing = 0;
		};
		A6844BFC2875830B009DE178 /* Frameworks */ = {
			isa = PBXFrameworksBuildPhase;
			buildActionMask = 2147483647;
			files = (
			);
			runOnlyForDeploymentPostprocessing = 0;
		};
		A6844C062875830B009DE178 /* Frameworks */ = {
			isa = PBXFrameworksBuildPhase;
			buildActionMask = 2147483647;
			files = (
			);
			runOnlyForDeploymentPostprocessing = 0;
		};
/* End PBXFrameworksBuildPhase section */

/* Begin PBXGroup section */
		A6844BE628758306009DE178 = {
			isa = PBXGroup;
			children = (
				A6844BF128758306009DE178 /* MetamaskSUI */,
				A6844C022875830B009DE178 /* MetamaskSUITests */,
				A6844C0C2875830B009DE178 /* MetamaskSUIUITests */,
				A6844BF028758306009DE178 /* Products */,
			);
			sourceTree = "<group>";
		};
		A6844BF028758306009DE178 /* Products */ = {
			isa = PBXGroup;
			children = (
				A6844BEF28758306009DE178 /* MetamaskSUI.app */,
				A6844BFF2875830B009DE178 /* MetamaskSUITests.xctest */,
				A6844C092875830B009DE178 /* MetamaskSUIUITests.xctest */,
			);
			name = Products;
			sourceTree = "<group>";
		};
		A6844BF128758306009DE178 /* MetamaskSUI */ = {
			isa = PBXGroup;
			children = (
				A69B41142876992300A51AA1 /* Controller */,
				A69B4113287698F800A51AA1 /* View */,
				A6844BF62875830B009DE178 /* Assets.xcassets */,
				A6844BF82875830B009DE178 /* Preview Content */,
				A6E5B0C12876269A005AD6D2 /* HomeViewModel.swift */,
			);
			path = MetamaskSUI;
			sourceTree = "<group>";
		};
		A6844BF82875830B009DE178 /* Preview Content */ = {
			isa = PBXGroup;
			children = (
				A6844BF92875830B009DE178 /* Preview Assets.xcassets */,
			);
			path = "Preview Content";
			sourceTree = "<group>";
		};
		A6844C022875830B009DE178 /* MetamaskSUITests */ = {
			isa = PBXGroup;
			children = (
				A6844C032875830B009DE178 /* MetamaskSUITests.swift */,
			);
			path = MetamaskSUITests;
			sourceTree = "<group>";
		};
		A6844C0C2875830B009DE178 /* MetamaskSUIUITests */ = {
			isa = PBXGroup;
			children = (
				A6844C0D2875830B009DE178 /* MetamaskSUIUITests.swift */,
				A6844C0F2875830B009DE178 /* MetamaskSUIUITestsLaunchTests.swift */,
			);
			path = MetamaskSUIUITests;
			sourceTree = "<group>";
		};
		A69B4113287698F800A51AA1 /* View */ = {
			isa = PBXGroup;
			children = (
				A6844BF228758306009DE178 /* MetamaskSUIApp.swift */,
				A6844BF428758306009DE178 /* ContentView.swift */,
				A6844C1C287583E8009DE178 /* HomeView.swift */,
				A6844C1E287588F6009DE178 /* BaseView.swift */,
				A61B414C2875A8D400B61043 /* SideMenuView.swift */,
				A6E5B0BD2875E3A9005AD6D2 /* RefreshableScrollView.swift */,
			);
			path = View;
			sourceTree = "<group>";
		};
		A69B41142876992300A51AA1 /* Controller */ = {
			isa = PBXGroup;
			children = (
				A6E5B0C528763C60005AD6D2 /* CameraController.swift */,
				A6E5B0C728763C80005AD6D2 /* CameraViewController.swift */,
			);
			path = Controller;
			sourceTree = "<group>";
		};
/* End PBXGroup section */

/* Begin PBXNativeTarget section */
		A6844BEE28758306009DE178 /* MetamaskSUI */ = {
			isa = PBXNativeTarget;
			buildConfigurationList = A6844C132875830B009DE178 /* Build configuration list for PBXNativeTarget "MetamaskSUI" */;
			buildPhases = (
				A6844BEB28758306009DE178 /* Sources */,
				A6844BEC28758306009DE178 /* Frameworks */,
				A6844BED28758306009DE178 /* Resources */,
			);
			buildRules = (
			);
			dependencies = (
			);
			name = MetamaskSUI;
			productName = MetamaskSUI;
			productReference = A6844BEF28758306009DE178 /* MetamaskSUI.app */;
			productType = "com.apple.product-type.application";
		};
		A6844BFE2875830B009DE178 /* MetamaskSUITests */ = {
			isa = PBXNativeTarget;
			buildConfigurationList = A6844C162875830B009DE178 /* Build configuration list for PBXNativeTarget "MetamaskSUITests" */;
			buildPhases = (
				A6844BFB2875830B009DE178 /* Sources */,
				A6844BFC2875830B009DE178 /* Frameworks */,
				A6844BFD2875830B009DE178 /* Resources */,
			);
			buildRules = (
			);
			dependencies = (
				A6844C012875830B009DE178 /* PBXTargetDependency */,
			);
			name = MetamaskSUITests;
			productName = MetamaskSUITests;
			productReference = A6844BFF2875830B009DE178 /* MetamaskSUITests.xctest */;
			productType = "com.apple.product-type.bundle.unit-test";
		};
		A6844C082875830B009DE178 /* MetamaskSUIUITests */ = {
			isa = PBXNativeTarget;
			buildConfigurationList = A6844C192875830B009DE178 /* Build configuration list for PBXNativeTarget "MetamaskSUIUITests" */;
			buildPhases = (
				A6844C052875830B009DE178 /* Sources */,
				A6844C062875830B009DE178 /* Frameworks */,
				A6844C072875830B009DE178 /* Resources */,
			);
			buildRules = (
			);
			dependencies = (
				A6844C0B2875830B009DE178 /* PBXTargetDependency */,
			);
			name = MetamaskSUIUITests;
			productName = MetamaskSUIUITests;
			productReference = A6844C092875830B009DE178 /* MetamaskSUIUITests.xctest */;
			productType = "com.apple.product-type.bundle.ui-testing";
		};
/* End PBXNativeTarget section */

/* Begin PBXProject section */
		A6844BE728758306009DE178 /* Project object */ = {
			isa = PBXProject;
			attributes = {
				BuildIndependentTargetsInParallel = 1;
				LastSwiftUpdateCheck = 1320;
				LastUpgradeCheck = 1320;
				TargetAttributes = {
					A6844BEE28758306009DE178 = {
						CreatedOnToolsVersion = 13.2.1;
					};
					A6844BFE2875830B009DE178 = {
						CreatedOnToolsVersion = 13.2.1;
						TestTargetID = A6844BEE28758306009DE178;
					};
					A6844C082875830B009DE178 = {
						CreatedOnToolsVersion = 13.2.1;
						TestTargetID = A6844BEE28758306009DE178;
					};
				};
			};
			buildConfigurationList = A6844BEA28758306009DE178 /* Build configuration list for PBXProject "MetamaskSUI" */;
			compatibilityVersion = "Xcode 13.0";
			developmentRegion = en;
			hasScannedForEncodings = 0;
			knownRegions = (
				en,
				Base,
			);
			mainGroup = A6844BE628758306009DE178;
			productRefGroup = A6844BF028758306009DE178 /* Products */;
			projectDirPath = "";
			projectRoot = "";
			targets = (
				A6844BEE28758306009DE178 /* MetamaskSUI */,
				A6844BFE2875830B009DE178 /* MetamaskSUITests */,
				A6844C082875830B009DE178 /* MetamaskSUIUITests */,
			);
		};
/* End PBXProject section */

/* Begin PBXResourcesBuildPhase section */
		A6844BED28758306009DE178 /* Resources */ = {
			isa = PBXResourcesBuildPhase;
			buildActionMask = 2147483647;
			files = (
				A6844BFA2875830B009DE178 /* Preview Assets.xcassets in Resources */,
				A6844BF72875830B009DE178 /* Assets.xcassets in Resources */,
			);
			runOnlyForDeploymentPostprocessing = 0;
		};
		A6844BFD2875830B009DE178 /* Resources */ = {
			isa = PBXResourcesBuildPhase;
			buildActionMask = 2147483647;
			files = (
			);
			runOnlyForDeploymentPostprocessing = 0;
		};
		A6844C072875830B009DE178 /* Resources */ = {
			isa = PBXResourcesBuildPhase;
			buildActionMask = 2147483647;
			files = (
			);
			runOnlyForDeploymentPostprocessing = 0;
		};
/* End PBXResourcesBuildPhase section */

/* Begin PBXSourcesBuildPhase section */
		A6844BEB28758306009DE178 /* Sources */ = {
			isa = PBXSourcesBuildPhase;
			buildActionMask = 2147483647;
			files = (
				A6E5B0C628763C61005AD6D2 /* CameraController.swift in Sources */,
				A6E5B0C828763C80005AD6D2 /* CameraViewController.swift in Sources */,
				A6844C1D287583E8009DE178 /* HomeView.swift in Sources */,
				A6844BF528758306009DE178 /* ContentView.swift in Sources */,
				A6E5B0C22876269A005AD6D2 /* HomeViewModel.swift in Sources */,
				A61B414D2875A8D400B61043 /* SideMenuView.swift in Sources */,
				A6844BF328758306009DE178 /* MetamaskSUIApp.swift in Sources */,
				A6844C1F287588F6009DE178 /* BaseView.swift in Sources */,
				A6E5B0BE2875E3AA005AD6D2 /* RefreshableScrollView.swift in Sources */,
			);
			runOnlyForDeploymentPostprocessing = 0;
		};
		A6844BFB2875830B009DE178 /* Sources */ = {
			isa = PBXSourcesBuildPhase;
			buildActionMask = 2147483647;
			files = (
				A6844C042875830B009DE178 /* MetamaskSUITests.swift in Sources */,
			);
			runOnlyForDeploymentPostprocessing = 0;
		};
		A6844C052875830B009DE178 /* Sources */ = {
			isa = PBXSourcesBuildPhase;
			buildActionMask = 2147483647;
			files = (
				A6844C0E2875830B009DE178 /* MetamaskSUIUITests.swift in Sources */,
				A6844C102875830B009DE178 /* MetamaskSUIUITestsLaunchTests.swift in Sources */,
			);
			runOnlyForDeploymentPostprocessing = 0;
		};
/* End PBXSourcesBuildPhase section */

/* Begin PBXTargetDependency section */
		A6844C012875830B009DE178 /* PBXTargetDependency */ = {
			isa = PBXTargetDependency;
			target = A6844BEE28758306009DE178 /* MetamaskSUI */;
			targetProxy = A6844C002875830B009DE178 /* PBXContainerItemProxy */;
		};
		A6844C0B2875830B009DE178 /* PBXTargetDependency */ = {
			isa = PBXTargetDependency;
			target = A6844BEE28758306009DE178 /* MetamaskSUI */;
			targetProxy = A6844C0A2875830B009DE178 /* PBXContainerItemProxy */;
		};
/* End PBXTargetDependency section */

/* Begin XCBuildConfiguration section */
		A6844C112875830B009DE178 /* Debug */ = {
			isa = XCBuildConfiguration;
			buildSettings = {
				ALWAYS_SEARCH_USER_PATHS = NO;
				CLANG_ANALYZER_NONNULL = YES;
				CLANG_ANALYZER_NUMBER_OBJECT_CONVERSION = YES_AGGRESSIVE;
				CLANG_CXX_LANGUAGE_STANDARD = "gnu++17";
				CLANG_CXX_LIBRARY = "libc++";
				CLANG_ENABLE_MODULES = YES;
				CLANG_ENABLE_OBJC_ARC = YES;
				CLANG_ENABLE_OBJC_WEAK = YES;
				CLANG_WARN_BLOCK_CAPTURE_AUTORELEASING = YES;
				CLANG_WARN_BOOL_CONVERSION = YES;
				CLANG_WARN_COMMA = YES;
				CLANG_WARN_CONSTANT_CONVERSION = YES;
				CLANG_WARN_DEPRECATED_OBJC_IMPLEMENTATIONS = YES;
				CLANG_WARN_DIRECT_OBJC_ISA_USAGE = YES_ERROR;
				CLANG_WARN_DOCUMENTATION_COMMENTS = YES;
				CLANG_WARN_EMPTY_BODY = YES;
				CLANG_WARN_ENUM_CONVERSION = YES;
				CLANG_WARN_INFINITE_RECURSION = YES;
				CLANG_WARN_INT_CONVERSION = YES;
				CLANG_WARN_NON_LITERAL_NULL_CONVERSION = YES;
				CLANG_WARN_OBJC_IMPLICIT_RETAIN_SELF = YES;
				CLANG_WARN_OBJC_LITERAL_CONVERSION = YES;
				CLANG_WARN_OBJC_ROOT_CLASS = YES_ERROR;
				CLANG_WARN_QUOTED_INCLUDE_IN_FRAMEWORK_HEADER = YES;
				CLANG_WARN_RANGE_LOOP_ANALYSIS = YES;
				CLANG_WARN_STRICT_PROTOTYPES = YES;
				CLANG_WARN_SUSPICIOUS_MOVE = YES;
				CLANG_WARN_UNGUARDED_AVAILABILITY = YES_AGGRESSIVE;
				CLANG_WARN_UNREACHABLE_CODE = YES;
				CLANG_WARN__DUPLICATE_METHOD_MATCH = YES;
				COPY_PHASE_STRIP = NO;
				DEBUG_INFORMATION_FORMAT = dwarf;
				ENABLE_STRICT_OBJC_MSGSEND = YES;
				ENABLE_TESTABILITY = YES;
				GCC_C_LANGUAGE_STANDARD = gnu11;
				GCC_DYNAMIC_NO_PIC = NO;
				GCC_NO_COMMON_BLOCKS = YES;
				GCC_OPTIMIZATION_LEVEL = 0;
				GCC_PREPROCESSOR_DEFINITIONS = (
					"DEBUG=1",
					"$(inherited)",
				);
				GCC_WARN_64_TO_32_BIT_CONVERSION = YES;
				GCC_WARN_ABOUT_RETURN_TYPE = YES_ERROR;
				GCC_WARN_UNDECLARED_SELECTOR = YES;
				GCC_WARN_UNINITIALIZED_AUTOS = YES_AGGRESSIVE;
				GCC_WARN_UNUSED_FUNCTION = YES;
				GCC_WARN_UNUSED_VARIABLE = YES;
				IPHONEOS_DEPLOYMENT_TARGET = 15.2;
				MTL_ENABLE_DEBUG_INFO = INCLUDE_SOURCE;
				MTL_FAST_MATH = YES;
				ONLY_ACTIVE_ARCH = YES;
				SDKROOT = iphoneos;
				SWIFT_ACTIVE_COMPILATION_CONDITIONS = DEBUG;
				SWIFT_OPTIMIZATION_LEVEL = "-Onone";
			};
			name = Debug;
		};
		A6844C122875830B009DE178 /* Release */ = {
			isa = XCBuildConfiguration;
			buildSettings = {
				ALWAYS_SEARCH_USER_PATHS = NO;
				CLANG_ANALYZER_NONNULL = YES;
				CLANG_ANALYZER_NUMBER_OBJECT_CONVERSION = YES_AGGRESSIVE;
				CLANG_CXX_LANGUAGE_STANDARD = "gnu++17";
				CLANG_CXX_LIBRARY = "libc++";
				CLANG_ENABLE_MODULES = YES;
				CLANG_ENABLE_OBJC_ARC = YES;
				CLANG_ENABLE_OBJC_WEAK = YES;
				CLANG_WARN_BLOCK_CAPTURE_AUTORELEASING = YES;
				CLANG_WARN_BOOL_CONVERSION = YES;
				CLANG_WARN_COMMA = YES;
				CLANG_WARN_CONSTANT_CONVERSION = YES;
				CLANG_WARN_DEPRECATED_OBJC_IMPLEMENTATIONS = YES;
				CLANG_WARN_DIRECT_OBJC_ISA_USAGE = YES_ERROR;
				CLANG_WARN_DOCUMENTATION_COMMENTS = YES;
				CLANG_WARN_EMPTY_BODY = YES;
				CLANG_WARN_ENUM_CONVERSION = YES;
				CLANG_WARN_INFINITE_RECURSION = YES;
				CLANG_WARN_INT_CONVERSION = YES;
				CLANG_WARN_NON_LITERAL_NULL_CONVERSION = YES;
				CLANG_WARN_OBJC_IMPLICIT_RETAIN_SELF = YES;
				CLANG_WARN_OBJC_LITERAL_CONVERSION = YES;
				CLANG_WARN_OBJC_ROOT_CLASS = YES_ERROR;
				CLANG_WARN_QUOTED_INCLUDE_IN_FRAMEWORK_HEADER = YES;
				CLANG_WARN_RANGE_LOOP_ANALYSIS = YES;
				CLANG_WARN_STRICT_PROTOTYPES = YES;
				CLANG_WARN_SUSPICIOUS_MOVE = YES;
				CLANG_WARN_UNGUARDED_AVAILABILITY = YES_AGGRESSIVE;
				CLANG_WARN_UNREACHABLE_CODE = YES;
				CLANG_WARN__DUPLICATE_METHOD_MATCH = YES;
				COPY_PHASE_STRIP = NO;
				DEBUG_INFORMATION_FORMAT = "dwarf-with-dsym";
				ENABLE_NS_ASSERTIONS = NO;
				ENABLE_STRICT_OBJC_MSGSEND = YES;
				GCC_C_LANGUAGE_STANDARD = gnu11;
				GCC_NO_COMMON_BLOCKS = YES;
				GCC_WARN_64_TO_32_BIT_CONVERSION = YES;
				GCC_WARN_ABOUT_RETURN_TYPE = YES_ERROR;
				GCC_WARN_UNDECLARED_SELECTOR = YES;
				GCC_WARN_UNINITIALIZED_AUTOS = YES_AGGRESSIVE;
				GCC_WARN_UNUSED_FUNCTION = YES;
				GCC_WARN_UNUSED_VARIABLE = YES;
				IPHONEOS_DEPLOYMENT_TARGET = 15.2;
				MTL_ENABLE_DEBUG_INFO = NO;
				MTL_FAST_MATH = YES;
				SDKROOT = iphoneos;
				SWIFT_COMPILATION_MODE = wholemodule;
				SWIFT_OPTIMIZATION_LEVEL = "-O";
				VALIDATE_PRODUCT = YES;
			};
			name = Release;
		};
		A6844C142875830B009DE178 /* Debug */ = {
			isa = XCBuildConfiguration;
			buildSettings = {
				ASSETCATALOG_COMPILER_APPICON_NAME = AppIcon;
				ASSETCATALOG_COMPILER_GLOBAL_ACCENT_COLOR_NAME = AccentColor;
				CODE_SIGN_STYLE = Automatic;
				CURRENT_PROJECT_VERSION = 1;
				DEVELOPMENT_ASSET_PATHS = "\"MetamaskSUI/Preview Content\"";
				DEVELOPMENT_TEAM = TUW5A5F282;
				ENABLE_PREVIEWS = YES;
				GENERATE_INFOPLIST_FILE = YES;
				INFOPLIST_KEY_NSCameraUsageDescription = "Camera is need for take pic!";
				INFOPLIST_KEY_UIApplicationSceneManifest_Generation = YES;
				INFOPLIST_KEY_UIApplicationSupportsIndirectInputEvents = YES;
				INFOPLIST_KEY_UILaunchScreen_Generation = YES;
				INFOPLIST_KEY_UISupportedInterfaceOrientations_iPad = "UIInterfaceOrientationPortrait UIInterfaceOrientationPortraitUpsideDown UIInterfaceOrientationLandscapeLeft UIInterfaceOrientationLandscapeRight";
				INFOPLIST_KEY_UISupportedInterfaceOrientations_iPhone = "UIInterfaceOrientationPortrait UIInterfaceOrientationLandscapeLeft UIInterfaceOrientationLandscapeRight";
				LD_RUNPATH_SEARCH_PATHS = (
					"$(inherited)",
					"@executable_path/Frameworks",
				);
				MARKETING_VERSION = 1.0;
				PRODUCT_BUNDLE_IDENTIFIER = com.company.MetamaskSUI;
				PRODUCT_NAME = "$(TARGET_NAME)";
				SWIFT_EMIT_LOC_STRINGS = YES;
				SWIFT_VERSION = 5.0;
				TARGETED_DEVICE_FAMILY = "1,2";
			};
			name = Debug;
		};
		A6844C152875830B009DE178 /* Release */ = {
			isa = XCBuildConfiguration;
			buildSettings = {
				ASSETCATALOG_COMPILER_APPICON_NAME = AppIcon;
				ASSETCATALOG_COMPILER_GLOBAL_ACCENT_COLOR_NAME = AccentColor;
				CODE_SIGN_STYLE = Automatic;
				CURRENT_PROJECT_VERSION = 1;
				DEVELOPMENT_ASSET_PATHS = "\"MetamaskSUI/Preview Content\"";
				DEVELOPMENT_TEAM = TUW5A5F282;
				ENABLE_PREVIEWS = YES;
				GENERATE_INFOPLIST_FILE = YES;
				INFOPLIST_KEY_NSCameraUsageDescription = "Camera is need for take pic!";
				INFOPLIST_KEY_UIApplicationSceneManifest_Generation = YES;
				INFOPLIST_KEY_UIApplicationSupportsIndirectInputEvents = YES;
				INFOPLIST_KEY_UILaunchScreen_Generation = YES;
				INFOPLIST_KEY_UISupportedInterfaceOrientations_iPad = "UIInterfaceOrientationPortrait UIInterfaceOrientationPortraitUpsideDown UIInterfaceOrientationLandscapeLeft UIInterfaceOrientationLandscapeRight";
				INFOPLIST_KEY_UISupportedInterfaceOrientations_iPhone = "UIInterfaceOrientationPortrait UIInterfaceOrientationLandscapeLeft UIInterfaceOrientationLandscapeRight";
				LD_RUNPATH_SEARCH_PATHS = (
					"$(inherited)",
					"@executable_path/Frameworks",
				);
				MARKETING_VERSION = 1.0;
				PRODUCT_BUNDLE_IDENTIFIER = com.company.MetamaskSUI;
				PRODUCT_NAME = "$(TARGET_NAME)";
				SWIFT_EMIT_LOC_STRINGS = YES;
				SWIFT_VERSION = 5.0;
				TARGETED_DEVICE_FAMILY = "1,2";
			};
			name = Release;
		};
		A6844C172875830B009DE178 /* Debug */ = {
			isa = XCBuildConfiguration;
			buildSettings = {
				ALWAYS_EMBED_SWIFT_STANDARD_LIBRARIES = YES;
				BUNDLE_LOADER = "$(TEST_HOST)";
				CODE_SIGN_STYLE = Automatic;
				CURRENT_PROJECT_VERSION = 1;
				GENERATE_INFOPLIST_FILE = YES;
				IPHONEOS_DEPLOYMENT_TARGET = 15.2;
				MARKETING_VERSION = 1.0;
				PRODUCT_BUNDLE_IDENTIFIER = com.company.MetamaskSUITests;
				PRODUCT_NAME = "$(TARGET_NAME)";
				SWIFT_EMIT_LOC_STRINGS = NO;
				SWIFT_VERSION = 5.0;
				TARGETED_DEVICE_FAMILY = "1,2";
				TEST_HOST = "$(BUILT_PRODUCTS_DIR)/MetamaskSUI.app/MetamaskSUI";
			};
			name = Debug;
		};
		A6844C182875830B009DE178 /* Release */ = {
			isa = XCBuildConfiguration;
			buildSettings = {
				ALWAYS_EMBED_SWIFT_STANDARD_LIBRARIES = YES;
				BUNDLE_LOADER = "$(TEST_HOST)";
				CODE_SIGN_STYLE = Automatic;
				CURRENT_PROJECT_VERSION = 1;
				GENERATE_INFOPLIST_FILE = YES;
				IPHONEOS_DEPLOYMENT_TARGET = 15.2;
				MARKETING_VERSION = 1.0;
				PRODUCT_BUNDLE_IDENTIFIER = com.company.MetamaskSUITests;
				PRODUCT_NAME = "$(TARGET_NAME)";
				SWIFT_EMIT_LOC_STRINGS = NO;
				SWIFT_VERSION = 5.0;
				TARGETED_DEVICE_FAMILY = "1,2";
				TEST_HOST = "$(BUILT_PRODUCTS_DIR)/MetamaskSUI.app/MetamaskSUI";
			};
			name = Release;
		};
		A6844C1A2875830B009DE178 /* Debug */ = {
			isa = XCBuildConfiguration;
			buildSettings = {
				ALWAYS_EMBED_SWIFT_STANDARD_LIBRARIES = YES;
				CODE_SIGN_STYLE = Automatic;
				CURRENT_PROJECT_VERSION = 1;
				GENERATE_INFOPLIST_FILE = YES;
				MARKETING_VERSION = 1.0;
				PRODUCT_BUNDLE_IDENTIFIER = com.company.MetamaskSUIUITests;
				PRODUCT_NAME = "$(TARGET_NAME)";
				SWIFT_EMIT_LOC_STRINGS = NO;
				SWIFT_VERSION = 5.0;
				TARGETED_DEVICE_FAMILY = "1,2";
				TEST_TARGET_NAME = MetamaskSUI;
			};
			name = Debug;
		};
		A6844C1B2875830B009DE178 /* Release */ = {
			isa = XCBuildConfiguration;
			buildSettings = {
				ALWAYS_EMBED_SWIFT_STANDARD_LIBRARIES = YES;
				CODE_SIGN_STYLE = Automatic;
				CURRENT_PROJECT_VERSION = 1;
				GENERATE_INFOPLIST_FILE = YES;
				MARKETING_VERSION = 1.0;
				PRODUCT_BUNDLE_IDENTIFIER = com.company.MetamaskSUIUITests;
				PRODUCT_NAME = "$(TARGET_NAME)";
				SWIFT_EMIT_LOC_STRINGS = NO;
				SWIFT_VERSION = 5.0;
				TARGETED_DEVICE_FAMILY = "1,2";
				TEST_TARGET_NAME = MetamaskSUI;
			};
			name = Release;
		};
/* End XCBuildConfiguration section */

/* Begin XCConfigurationList section */
		A6844BEA28758306009DE178 /* Build configuration list for PBXProject "MetamaskSUI" */ = {
			isa = XCConfigurationList;
			buildConfigurations = (
				A6844C112875830B009DE178 /* Debug */,
				A6844C122875830B009DE178 /* Release */,
			);
			defaultConfigurationIsVisible = 0;
			defaultConfigurationName = Release;
		};
		A6844C132875830B009DE178 /* Build configuration list for PBXNativeTarget "MetamaskSUI" */ = {
			isa = XCConfigurationList;
			buildConfigurations = (
				A6844C142875830B009DE178 /* Debug */,
				A6844C152875830B009DE178 /* Release */,
			);
			defaultConfigurationIsVisible = 0;
			defaultConfigurationName = Release;
		};
		A6844C162875830B009DE178 /* Build configuration list for PBXNativeTarget "MetamaskSUITests" */ = {
			isa = XCConfigurationList;
			buildConfigurations = (
				A6844C172875830B009DE178 /* Debug */,
				A6844C182875830B009DE178 /* Release */,
			);
			defaultConfigurationIsVisible = 0;
			defaultConfigurationName = Release;
		};
		A6844C192875830B009DE178 /* Build configuration list for PBXNativeTarget "MetamaskSUIUITests" */ = {
			isa = XCConfigurationList;
			buildConfigurations = (
				A6844C1A2875830B009DE178 /* Debug */,
				A6844C1B2875830B009DE178 /* Release */,
			);
			defaultConfigurationIsVisible = 0;
			defaultConfigurationName = Release;
		};
/* End XCConfigurationList section */
	};
	rootObject = A6844BE728758306009DE178 /* Project object */;
}
